%{
  "b58": {:hex, :b58, "1.0.3", "d300d6ae5a3de956a54b9e8220e924e4fee1a349de983df2340fe61e0e464202", [:mix], [], "hexpm", "af62a98a8661fd89978cf3a3a4b5b2ebe82209de6ac6164f0b112e36af72fc59"},
  "bech32": {:hex, :bech32, "1.0.0", "85a3bb58c408d735b5becb39e8a23536660ec0df1ef0afee72377c130939de1b", [:mix], [], "hexpm", "f781b8524c30a524922613d97c1858c27bd9f639b4e6b350f4a4843ee97607d3"},
  "binary": {:hex, :binary, "0.0.5", "20d816f7274ea34f1b673b4cff2fdb9ebec9391a7a68c349070d515c66b1b2cf", [:mix], [], "hexpm", "ee1e9ebcab703a4e24db554957fbb540642fe9327eb9e295cb3f07dd7c11ddb2"},
  "bip0173": {:hex, :bip0173, "0.1.2", "b771e275692ed3353ecfecb38330693cbba90d2ac4a2e8fd1908a86ec7e6318f", [:mix], [], "hexpm", "6e12dfe7baacf9b4c422cae8f9cc6bbd791bf5ec3e9055fa3f418071b799b0db"},
  "comeonin": {:hex, :comeonin, "5.3.3", "2c564dac95a35650e9b6acfe6d2952083d8a08e4a89b93a481acb552b325892e", [:mix], [], "hexpm", "3e38c9c2cb080828116597ca8807bb482618a315bfafd98c90bc22a821cc84df"},
  "curvy": {:hex, :curvy, "0.3.0", "cd097f77434baf783cd18a8374e1eae37dc203588902a3b59d1b4056ac9e7366", [:mix], [], "hexpm", "1fa6104cb458cfe6962b8353a0a6563bd191f9e72807fca0fa22b5a61809695c"},
  "dialyxir": {:hex, :dialyxir, "1.2.0", "58344b3e87c2e7095304c81a9ae65cb68b613e28340690dfe1a5597fd08dec37", [:mix], [{:erlex, ">= 0.2.6", [hex: :erlex, repo: "hexpm", optional: false]}], "hexpm", "61072136427a851674cab81762be4dbeae7679f85b1272b6d25c3a839aff8463"},
  "earmark": {:hex, :earmark, "1.4.26", "f0e3c3d5c278a6d448ad8c27ab0ecdec9c57a7710553138c56af220a6330a4fd", [:mix], [{:earmark_parser, "~> 1.4.26", [hex: :earmark_parser, repo: "hexpm", optional: false]}], "hexpm", "e1231882b56bece0692af33f0959f06c9cd580c2dc2ecb1dc9f16f2750fa78c5"},
  "earmark_parser": {:hex, :earmark_parser, "1.4.26", "f4291134583f373c7d8755566122908eb9662df4c4b63caa66a0eabe06569b0a", [:mix], [], "hexpm", "48d460899f8a0c52c5470676611c01f64f3337bad0b26ddab43648428d94aabc"},
  "erlex": {:hex, :erlex, "0.2.6", "c7987d15e899c7a2f34f5420d2a2ea0d659682c06ac607572df55a43753aa12e", [:mix], [], "hexpm", "2ed2e25711feb44d52b17d2780eabf998452f6efda104877a3881c2f8c0c0c75"},
  "ex_doc": {:hex, :ex_doc, "0.28.4", "001a0ea6beac2f810f1abc3dbf4b123e9593eaa5f00dd13ded024eae7c523298", [:mix], [{:earmark_parser, "~> 1.4.19", [hex: :earmark_parser, repo: "hexpm", optional: false]}, {:makeup_elixir, "~> 0.14", [hex: :makeup_elixir, repo: "hexpm", optional: false]}, {:makeup_erlang, "~> 0.1", [hex: :makeup_erlang, repo: "hexpm", optional: false]}], "hexpm", "bf85d003dd34911d89c8ddb8bda1a958af3471a274a4c2150a9c01c78ac3f8ed"},
  "exbase58": {:hex, :exbase58, "1.0.2", "2caa5df4d769b5c555cde11b85e93199037ed8b41f1da23e812619c10e3a3424", [:mix], [], "hexpm", "fe6b6b465750bdc1bd01c7b33b265902dabd63061f7db24e663509b45b4bba3c"},
  "makeup": {:hex, :makeup, "1.1.0", "6b67c8bc2882a6b6a445859952a602afc1a41c2e08379ca057c0f525366fc3ca", [:mix], [{:nimble_parsec, "~> 1.2.2 or ~> 1.3", [hex: :nimble_parsec, repo: "hexpm", optional: false]}], "hexpm", "0a45ed501f4a8897f580eabf99a2e5234ea3e75a4373c8a52824f6e873be57a6"},
  "makeup_elixir": {:hex, :makeup_elixir, "0.16.0", "f8c570a0d33f8039513fbccaf7108c5d750f47d8defd44088371191b76492b0b", [:mix], [{:makeup, "~> 1.0", [hex: :makeup, repo: "hexpm", optional: false]}, {:nimble_parsec, "~> 1.2.3", [hex: :nimble_parsec, repo: "hexpm", optional: false]}], "hexpm", "28b2cbdc13960a46ae9a8858c4bebdec3c9a6d7b4b9e7f4ed1502f8159f338e7"},
  "makeup_erlang": {:hex, :makeup_erlang, "0.1.1", "3fcb7f09eb9d98dc4d208f49cc955a34218fc41ff6b84df7c75b3e6e533cc65f", [:mix], [{:makeup, "~> 1.0", [hex: :makeup, repo: "hexpm", optional: false]}], "hexpm", "174d0809e98a4ef0b3309256cbf97101c6ec01c4ab0b23e926a9e17df2077cbb"},
  "nimble_parsec": {:hex, :nimble_parsec, "1.2.3", "244836e6e3f1200c7f30cb56733fd808744eca61fd182f731eac4af635cc6d0b", [:mix], [], "hexpm", "c8d789e39b9131acf7b99291e93dae60ab48ef14a7ee9d58c6964f59efb570b0"},
  "pbkdf2_elixir": {:hex, :pbkdf2_elixir, "2.0.0", "fa10cf0a61e263e5bdcd6353d96cdd1f4c593fd0f8d734ba8f3e048832fd5f06", [:mix], [{:comeonin, "~> 5.3", [hex: :comeonin, repo: "hexpm", optional: false]}], "hexpm", "a9bcb808583e63893d42a843669c0e9cdcc9183053b9984582281a8947393086"},
  "rustler": {:hex, :rustler, "0.21.1", "5299980be32da997c54382e945bacaa015ed97a60745e1e639beaf6a7b278c65", [:mix], [{:toml, "~> 0.5.2", [hex: :toml, repo: "hexpm", optional: false]}], "hexpm", "6ee1651e10645b2b2f3bb70502bf180341aa058709177e9bc28c105934094bc6"},
  "rusty_secp256k1": {:hex, :rusty_secp256k1, "0.1.6", "d0b3c2aaf0f12c2b679b71ae0653de1f470b8eb0f51ddc38de0412ca26e9754d", [:mix], [{:rustler, "~> 0.21.0", [hex: :rustler, repo: "hexpm", optional: false]}], "hexpm", "945a17f1ef8b7e84aeea1ce5923f24b8f8c837ed9c737b41c7d516ee51f5da2b"},
  "toml": {:hex, :toml, "0.5.2", "e471388a8726d1ce51a6b32f864b8228a1eb8edc907a0edf2bb50eab9321b526", [:mix], [], "hexpm", "f1e3dabef71fb510d015fad18c0e05e7c57281001141504c6b69d94e99750a07"},
}
