%{
  "binary": {:hex, :binary, "0.0.4", "dd077db70c0ded3e85c132b802338e14b80694684a7e2277666bfa4004b7fa66", [:mix], [], "hexpm", "a2faf5d5c22caec3efacf95370d8b050c003f48e03c221c37e0d1e2dd515b970"},
  "exbase58": {:hex, :exbase58, "1.0.2", "2caa5df4d769b5c555cde11b85e93199037ed8b41f1da23e812619c10e3a3424", [:mix], [], "hexpm", "fe6b6b465750bdc1bd01c7b33b265902dabd63061f7db24e663509b45b4bba3c"},
}
